
Microsoft Visual Studio Solution File, Format Version 12.00
# Visual Studio Version 17
VisualStudioVersion = 17.3.32804.467
MinimumVisualStudioVersion = 10.0.40219.1
Project("{9A19103F-16F7-4668-BE54-9A1E7A4F7556}") = "KampIntro", "KampIntro\KampIntro.csproj", "{D1363B72-58E8-4943-8EB7-4D1A0E0121F6}"
EndProject
Project("{9A19103F-16F7-4668-BE54-9A1E7A4F7556}") = "Donguler", "Donguler\Donguler.csproj", "{EB322436-B0B8-49DB-93B4-74AE54D51924}"
EndProject
Project("{9A19103F-16F7-4668-BE54-9A1E7A4F7556}") = "ClassIntro", "ClassIntro\ClassIntro.csproj", "{6F367B7C-8F44-4C46-A14A-799EF5DD1F98}"
EndProject
Project("{9A19103F-16F7-4668-BE54-9A1E7A4F7556}") = "Product", "Product\Product.csproj", "{540C6F6E-2E00-4375-A63E-0E93F7E7B7B5}"
EndProject
Project("{FAE04EC0-301F-11D3-BF4B-00C04F79EFBC}") = "Metotlar", "Metotlar\Metotlar.csproj", "{872712C0-AEEB-4463-8EC8-56F80289FEA0}"
EndProject
Project("{FAE04EC0-301F-11D3-BF4B-00C04F79EFBC}") = "Matematik", "Matematik\Matematik.csproj", "{45C32B48-564E-405B-A715-5338B178E372}"
EndProject
Project("{FAE04EC0-301F-11D3-BF4B-00C04F79EFBC}") = "DegerVeReferansTipler", "DegerVeReferansTipler\DegerVeReferansTipler.csproj", "{3A1FD0A5-5278-4B59-95F4-BA842DA884F5}"
EndProject
Global
	GlobalSection(SolutionConfigurationPlatforms) = preSolution
		Debug|Any CPU = Debug|Any CPU
		Release|Any CPU = Release|Any CPU
	EndGlobalSection
	GlobalSection(ProjectConfigurationPlatforms) = postSolution
		{D1363B72-58E8-4943-8EB7-4D1A0E0121F6}.Debug|Any CPU.ActiveCfg = Debug|Any CPU
		{D1363B72-58E8-4943-8EB7-4D1A0E0121F6}.Debug|Any CPU.Build.0 = Debug|Any CPU
		{D1363B72-58E8-4943-8EB7-4D1A0E0121F6}.Release|Any CPU.ActiveCfg = Release|Any CPU
		{D1363B72-58E8-4943-8EB7-4D1A0E0121F6}.Release|Any CPU.Build.0 = Release|Any CPU
		{EB322436-B0B8-49DB-93B4-74AE54D51924}.Debug|Any CPU.ActiveCfg = Debug|Any CPU
		{EB322436-B0B8-49DB-93B4-74AE54D51924}.Debug|Any CPU.Build.0 = Debug|Any CPU
		{EB322436-B0B8-49DB-93B4-74AE54D51924}.Release|Any CPU.ActiveCfg = Release|Any CPU
		{EB322436-B0B8-49DB-93B4-74AE54D51924}.Release|Any CPU.Build.0 = Release|Any CPU
		{6F367B7C-8F44-4C46-A14A-799EF5DD1F98}.Debug|Any CPU.ActiveCfg = Debug|Any CPU
		{6F367B7C-8F44-4C46-A14A-799EF5DD1F98}.Debug|Any CPU.Build.0 = Debug|Any CPU
		{6F367B7C-8F44-4C46-A14A-799EF5DD1F98}.Release|Any CPU.ActiveCfg = Release|Any CPU
		{6F367B7C-8F44-4C46-A14A-799EF5DD1F98}.Release|Any CPU.Build.0 = Release|Any CPU
		{540C6F6E-2E00-4375-A63E-0E93F7E7B7B5}.Debug|Any CPU.ActiveCfg = Debug|Any CPU
		{540C6F6E-2E00-4375-A63E-0E93F7E7B7B5}.Debug|Any CPU.Build.0 = Debug|Any CPU
		{540C6F6E-2E00-4375-A63E-0E93F7E7B7B5}.Release|Any CPU.ActiveCfg = Release|Any CPU
		{540C6F6E-2E00-4375-A63E-0E93F7E7B7B5}.Release|Any CPU.Build.0 = Release|Any CPU
		{872712C0-AEEB-4463-8EC8-56F80289FEA0}.Debug|Any CPU.ActiveCfg = Debug|Any CPU
		{872712C0-AEEB-4463-8EC8-56F80289FEA0}.Debug|Any CPU.Build.0 = Debug|Any CPU
		{872712C0-AEEB-4463-8EC8-56F80289FEA0}.Release|Any CPU.ActiveCfg = Release|Any CPU
		{872712C0-AEEB-4463-8EC8-56F80289FEA0}.Release|Any CPU.Build.0 = Release|Any CPU
		{45C32B48-564E-405B-A715-5338B178E372}.Debug|Any CPU.ActiveCfg = Debug|Any CPU
		{45C32B48-564E-405B-A715-5338B178E372}.Debug|Any CPU.Build.0 = Debug|Any CPU
		{45C32B48-564E-405B-A715-5338B178E372}.Release|Any CPU.ActiveCfg = Release|Any CPU
		{45C32B48-564E-405B-A715-5338B178E372}.Release|Any CPU.Build.0 = Release|Any CPU
		{3A1FD0A5-5278-4B59-95F4-BA842DA884F5}.Debug|Any CPU.ActiveCfg = Debug|Any CPU
		{3A1FD0A5-5278-4B59-95F4-BA842DA884F5}.Debug|Any CPU.Build.0 = Debug|Any CPU
		{3A1FD0A5-5278-4B59-95F4-BA842DA884F5}.Release|Any CPU.ActiveCfg = Release|Any CPU
		{3A1FD0A5-5278-4B59-95F4-BA842DA884F5}.Release|Any CPU.Build.0 = Release|Any CPU
	EndGlobalSection
	GlobalSection(SolutionProperties) = preSolution
		HideSolutionNode = FALSE
	EndGlobalSection
	GlobalSection(ExtensibilityGlobals) = postSolution
		SolutionGuid = {90177F0F-E2B8-44D8-892E-A1909EC76BA6}
	EndGlobalSection
EndGlobal
