
Microsoft Visual Studio Solution File, Format Version 12.00
# Visual Studio Version 17
VisualStudioVersion = 17.3.32804.467
MinimumVisualStudioVersion = 10.0.40219.1
Project("{9A19103F-16F7-4668-BE54-9A1E7A4F7556}") = "KampIntro", "KampIntro\KampIntro.csproj", "{D1363B72-58E8-4943-8EB7-4D1A0E0121F6}"
EndProject
Project("{9A19103F-16F7-4668-BE54-9A1E7A4F7556}") = "Donguler", "Donguler\Donguler.csproj", "{EB322436-B0B8-49DB-93B4-74AE54D51924}"
EndProject
Project("{9A19103F-16F7-4668-BE54-9A1E7A4F7556}") = "ClassIntro", "ClassIntro\ClassIntro.csproj", "{6F367B7C-8F44-4C46-A14A-799EF5DD1F98}"
EndProject
Project("{9A19103F-16F7-4668-BE54-9A1E7A4F7556}") = "Product", "Product\Product.csproj", "{540C6F6E-2E00-4375-A63E-0E93F7E7B7B5}"
EndProject
Project("{9A19103F-16F7-4668-BE54-9A1E7A4F7556}") = "Metotlar", "Metotlar\Metotlar.csproj", "{872712C0-AEEB-4463-8EC8-56F80289FEA0}"
EndProject
Project("{9A19103F-16F7-4668-BE54-9A1E7A4F7556}") = "Matematik", "Matematik\Matematik.csproj", "{45C32B48-564E-405B-A715-5338B178E372}"
EndProject
Project("{9A19103F-16F7-4668-BE54-9A1E7A4F7556}") = "DegerVeReferansTipler", "DegerVeReferansTipler\DegerVeReferansTipler.csproj", "{3A1FD0A5-5278-4B59-95F4-BA842DA884F5}"
EndProject
Project("{9A19103F-16F7-4668-BE54-9A1E7A4F7556}") = "ClassMetotDemo", "ClassMetotDemo\ClassMetotDemo.csproj", "{A6FAA7D3-B526-4DB6-95CA-1AF4D1D422E7}"
EndProject
Project("{9A19103F-16F7-4668-BE54-9A1E7A4F7556}") = "OOP1", "OOP1\OOP1.csproj", "{64D864E5-07AB-4C59-9D76-7CFE1D87D288}"
EndProject
Project("{9A19103F-16F7-4668-BE54-9A1E7A4F7556}") = "Koleksiyonlar", "Koleksiyonlar\Koleksiyonlar.csproj", "{11C9F7D1-7A77-418C-9BCB-9E35486138DB}"
EndProject
Project("{9A19103F-16F7-4668-BE54-9A1E7A4F7556}") = "GenericsIntro", "GenericsIntro\GenericsIntro.csproj", "{7A2E5856-344C-4EE1-A441-B3C58885F8EC}"
EndProject
Project("{9A19103F-16F7-4668-BE54-9A1E7A4F7556}") = "ReferenceTypes", "ReferenceTypes\ReferenceTypes.csproj", "{BF911120-5B1E-42F4-918B-3A2B331F4E6B}"
EndProject
Project("{9A19103F-16F7-4668-BE54-9A1E7A4F7556}") = "Constructor", "Constructor\Constructor.csproj", "{4F29709A-825D-4996-B8C3-B672DDE05599}"
EndProject
Project("{9A19103F-16F7-4668-BE54-9A1E7A4F7556}") = "Generics", "Generics\Generics.csproj", "{D1A85833-9F3F-48E8-807A-EECBEEF4386E}"
EndProject
Project("{FAE04EC0-301F-11D3-BF4B-00C04F79EFBC}") = "MyList_2", "MyList_2\MyList_2.csproj", "{0CABD2F3-80C7-4AFE-8F4C-580298E552B1}"
EndProject
Global
	GlobalSection(SolutionConfigurationPlatforms) = preSolution
		Debug|Any CPU = Debug|Any CPU
		Release|Any CPU = Release|Any CPU
	EndGlobalSection
	GlobalSection(ProjectConfigurationPlatforms) = postSolution
		{D1363B72-58E8-4943-8EB7-4D1A0E0121F6}.Debug|Any CPU.ActiveCfg = Debug|Any CPU
		{D1363B72-58E8-4943-8EB7-4D1A0E0121F6}.Debug|Any CPU.Build.0 = Debug|Any CPU
		{D1363B72-58E8-4943-8EB7-4D1A0E0121F6}.Release|Any CPU.ActiveCfg = Release|Any CPU
		{D1363B72-58E8-4943-8EB7-4D1A0E0121F6}.Release|Any CPU.Build.0 = Release|Any CPU
		{EB322436-B0B8-49DB-93B4-74AE54D51924}.Debug|Any CPU.ActiveCfg = Debug|Any CPU
		{EB322436-B0B8-49DB-93B4-74AE54D51924}.Debug|Any CPU.Build.0 = Debug|Any CPU
		{EB322436-B0B8-49DB-93B4-74AE54D51924}.Release|Any CPU.ActiveCfg = Release|Any CPU
		{EB322436-B0B8-49DB-93B4-74AE54D51924}.Release|Any CPU.Build.0 = Release|Any CPU
		{6F367B7C-8F44-4C46-A14A-799EF5DD1F98}.Debug|Any CPU.ActiveCfg = Debug|Any CPU
		{6F367B7C-8F44-4C46-A14A-799EF5DD1F98}.Debug|Any CPU.Build.0 = Debug|Any CPU
		{6F367B7C-8F44-4C46-A14A-799EF5DD1F98}.Release|Any CPU.ActiveCfg = Release|Any CPU
		{6F367B7C-8F44-4C46-A14A-799EF5DD1F98}.Release|Any CPU.Build.0 = Release|Any CPU
		{540C6F6E-2E00-4375-A63E-0E93F7E7B7B5}.Debug|Any CPU.ActiveCfg = Debug|Any CPU
		{540C6F6E-2E00-4375-A63E-0E93F7E7B7B5}.Debug|Any CPU.Build.0 = Debug|Any CPU
		{540C6F6E-2E00-4375-A63E-0E93F7E7B7B5}.Release|Any CPU.ActiveCfg = Release|Any CPU
		{540C6F6E-2E00-4375-A63E-0E93F7E7B7B5}.Release|Any CPU.Build.0 = Release|Any CPU
		{872712C0-AEEB-4463-8EC8-56F80289FEA0}.Debug|Any CPU.ActiveCfg = Debug|Any CPU
		{872712C0-AEEB-4463-8EC8-56F80289FEA0}.Debug|Any CPU.Build.0 = Debug|Any CPU
		{872712C0-AEEB-4463-8EC8-56F80289FEA0}.Release|Any CPU.ActiveCfg = Release|Any CPU
		{872712C0-AEEB-4463-8EC8-56F80289FEA0}.Release|Any CPU.Build.0 = Release|Any CPU
		{45C32B48-564E-405B-A715-5338B178E372}.Debug|Any CPU.ActiveCfg = Debug|Any CPU
		{45C32B48-564E-405B-A715-5338B178E372}.Debug|Any CPU.Build.0 = Debug|Any CPU
		{45C32B48-564E-405B-A715-5338B178E372}.Release|Any CPU.ActiveCfg = Release|Any CPU
		{45C32B48-564E-405B-A715-5338B178E372}.Release|Any CPU.Build.0 = Release|Any CPU
		{3A1FD0A5-5278-4B59-95F4-BA842DA884F5}.Debug|Any CPU.ActiveCfg = Debug|Any CPU
		{3A1FD0A5-5278-4B59-95F4-BA842DA884F5}.Debug|Any CPU.Build.0 = Debug|Any CPU
		{3A1FD0A5-5278-4B59-95F4-BA842DA884F5}.Release|Any CPU.ActiveCfg = Release|Any CPU
		{3A1FD0A5-5278-4B59-95F4-BA842DA884F5}.Release|Any CPU.Build.0 = Release|Any CPU
		{A6FAA7D3-B526-4DB6-95CA-1AF4D1D422E7}.Debug|Any CPU.ActiveCfg = Debug|Any CPU
		{A6FAA7D3-B526-4DB6-95CA-1AF4D1D422E7}.Debug|Any CPU.Build.0 = Debug|Any CPU
		{A6FAA7D3-B526-4DB6-95CA-1AF4D1D422E7}.Release|Any CPU.ActiveCfg = Release|Any CPU
		{A6FAA7D3-B526-4DB6-95CA-1AF4D1D422E7}.Release|Any CPU.Build.0 = Release|Any CPU
		{64D864E5-07AB-4C59-9D76-7CFE1D87D288}.Debug|Any CPU.ActiveCfg = Debug|Any CPU
		{64D864E5-07AB-4C59-9D76-7CFE1D87D288}.Debug|Any CPU.Build.0 = Debug|Any CPU
		{64D864E5-07AB-4C59-9D76-7CFE1D87D288}.Release|Any CPU.ActiveCfg = Release|Any CPU
		{64D864E5-07AB-4C59-9D76-7CFE1D87D288}.Release|Any CPU.Build.0 = Release|Any CPU
		{11C9F7D1-7A77-418C-9BCB-9E35486138DB}.Debug|Any CPU.ActiveCfg = Debug|Any CPU
		{11C9F7D1-7A77-418C-9BCB-9E35486138DB}.Debug|Any CPU.Build.0 = Debug|Any CPU
		{11C9F7D1-7A77-418C-9BCB-9E35486138DB}.Release|Any CPU.ActiveCfg = Release|Any CPU
		{11C9F7D1-7A77-418C-9BCB-9E35486138DB}.Release|Any CPU.Build.0 = Release|Any CPU
		{7A2E5856-344C-4EE1-A441-B3C58885F8EC}.Debug|Any CPU.ActiveCfg = Debug|Any CPU
		{7A2E5856-344C-4EE1-A441-B3C58885F8EC}.Debug|Any CPU.Build.0 = Debug|Any CPU
		{7A2E5856-344C-4EE1-A441-B3C58885F8EC}.Release|Any CPU.ActiveCfg = Release|Any CPU
		{7A2E5856-344C-4EE1-A441-B3C58885F8EC}.Release|Any CPU.Build.0 = Release|Any CPU
		{BF911120-5B1E-42F4-918B-3A2B331F4E6B}.Debug|Any CPU.ActiveCfg = Debug|Any CPU
		{BF911120-5B1E-42F4-918B-3A2B331F4E6B}.Debug|Any CPU.Build.0 = Debug|Any CPU
		{BF911120-5B1E-42F4-918B-3A2B331F4E6B}.Release|Any CPU.ActiveCfg = Release|Any CPU
		{BF911120-5B1E-42F4-918B-3A2B331F4E6B}.Release|Any CPU.Build.0 = Release|Any CPU
		{4F29709A-825D-4996-B8C3-B672DDE05599}.Debug|Any CPU.ActiveCfg = Debug|Any CPU
		{4F29709A-825D-4996-B8C3-B672DDE05599}.Debug|Any CPU.Build.0 = Debug|Any CPU
		{4F29709A-825D-4996-B8C3-B672DDE05599}.Release|Any CPU.ActiveCfg = Release|Any CPU
		{4F29709A-825D-4996-B8C3-B672DDE05599}.Release|Any CPU.Build.0 = Release|Any CPU
		{D1A85833-9F3F-48E8-807A-EECBEEF4386E}.Debug|Any CPU.ActiveCfg = Debug|Any CPU
		{D1A85833-9F3F-48E8-807A-EECBEEF4386E}.Debug|Any CPU.Build.0 = Debug|Any CPU
		{D1A85833-9F3F-48E8-807A-EECBEEF4386E}.Release|Any CPU.ActiveCfg = Release|Any CPU
		{D1A85833-9F3F-48E8-807A-EECBEEF4386E}.Release|Any CPU.Build.0 = Release|Any CPU
		{0CABD2F3-80C7-4AFE-8F4C-580298E552B1}.Debug|Any CPU.ActiveCfg = Debug|Any CPU
		{0CABD2F3-80C7-4AFE-8F4C-580298E552B1}.Debug|Any CPU.Build.0 = Debug|Any CPU
		{0CABD2F3-80C7-4AFE-8F4C-580298E552B1}.Release|Any CPU.ActiveCfg = Release|Any CPU
		{0CABD2F3-80C7-4AFE-8F4C-580298E552B1}.Release|Any CPU.Build.0 = Release|Any CPU
	EndGlobalSection
	GlobalSection(SolutionProperties) = preSolution
		HideSolutionNode = FALSE
	EndGlobalSection
	GlobalSection(ExtensibilityGlobals) = postSolution
		SolutionGuid = {90177F0F-E2B8-44D8-892E-A1909EC76BA6}
	EndGlobalSection
EndGlobal
